
Microsoft Visual Studio Solution File, Format Version 12.00
# Visual Studio Version 17
VisualStudioVersion = 17.9.34723.18
MinimumVisualStudioVersion = 10.0.40219.1
Project("{9A19103F-16F7-4668-BE54-9A1E7A4F7556}") = "Digital_Matter_Web_App", "Digital_Matter_Web_App\Digital_Matter_Web_App.csproj", "{3CD475A3-68B3-4CF2-A05D-27EB165FBC1C}"
EndProject
Global
	GlobalSection(SolutionConfigurationPlatforms) = preSolution
		Debug|Any CPU = Debug|Any CPU
		Release|Any CPU = Release|Any CPU
	EndGlobalSection
	GlobalSection(ProjectConfigurationPlatforms) = postSolution
		{3CD475A3-68B3-4CF2-A05D-27EB165FBC1C}.Debug|Any CPU.ActiveCfg = Debug|Any CPU
		{3CD475A3-68B3-4CF2-A05D-27EB165FBC1C}.Debug|Any CPU.Build.0 = Debug|Any CPU
		{3CD475A3-68B3-4CF2-A05D-27EB165FBC1C}.Release|Any CPU.ActiveCfg = Release|Any CPU
		{3CD475A3-68B3-4CF2-A05D-27EB165FBC1C}.Release|Any CPU.Build.0 = Release|Any CPU
	EndGlobalSection
	GlobalSection(SolutionProperties) = preSolution
		HideSolutionNode = FALSE
	EndGlobalSection
	GlobalSection(ExtensibilityGlobals) = postSolution
		SolutionGuid = {7ED3D133-298C-4466-A50C-26BF70B6147C}
	EndGlobalSection
EndGlobal
